
Microsoft Visual Studio Solution File, Format Version 12.00
# Visual Studio 14
VisualStudioVersion = 14.0.25420.1
MinimumVisualStudioVersion = 10.0.40219.1
Project("{FAE04EC0-301F-11D3-BF4B-00C04F79EFBC}") = "DSA-lims", "DSA-lims.csproj", "{E94F7E03-71DA-4DD2-858F-41C3C09EA6CB}"
EndProject
Project("{54435603-DBB4-11D2-8724-00A0C9A8B90C}") = "setup-vs", "setup-vs\setup-vs.vdproj", "{32F30F38-F144-42CB-9AB1-14E3D392D2DA}"
EndProject
Global
	GlobalSection(SolutionConfigurationPlatforms) = preSolution
		Debug|Any CPU = Debug|Any CPU
		Release|Any CPU = Release|Any CPU
	EndGlobalSection
	GlobalSection(ProjectConfigurationPlatforms) = postSolution
		{E94F7E03-71DA-4DD2-858F-41C3C09EA6CB}.Debug|Any CPU.ActiveCfg = Debug|Any CPU
		{E94F7E03-71DA-4DD2-858F-41C3C09EA6CB}.Debug|Any CPU.Build.0 = Debug|Any CPU
		{E94F7E03-71DA-4DD2-858F-41C3C09EA6CB}.Release|Any CPU.ActiveCfg = Release|Any CPU
		{E94F7E03-71DA-4DD2-858F-41C3C09EA6CB}.Release|Any CPU.Build.0 = Release|Any CPU
		{32F30F38-F144-42CB-9AB1-14E3D392D2DA}.Debug|Any CPU.ActiveCfg = Debug
		{32F30F38-F144-42CB-9AB1-14E3D392D2DA}.Release|Any CPU.ActiveCfg = Release
	EndGlobalSection
	GlobalSection(SolutionProperties) = preSolution
		HideSolutionNode = FALSE
	EndGlobalSection
EndGlobal
